
Microsoft Visual Studio Solution File, Format Version 12.00
# Visual Studio 15
VisualStudioVersion = 15.0.27130.2010
MinimumVisualStudioVersion = 10.0.40219.1
Project("{FAE04EC0-301F-11D3-BF4B-00C04F79EFBC}") = "ktu9-1", "ktu9-1\ktu9-1.csproj", "{5F2A87A8-E38B-4926-B5B6-17548A7B0A13}"
EndProject
Global
	GlobalSection(SolutionConfigurationPlatforms) = preSolution
		Debug|Any CPU = Debug|Any CPU
		Release|Any CPU = Release|Any CPU
	EndGlobalSection
	GlobalSection(ProjectConfigurationPlatforms) = postSolution
		{5F2A87A8-E38B-4926-B5B6-17548A7B0A13}.Debug|Any CPU.ActiveCfg = Debug|Any CPU
		{5F2A87A8-E38B-4926-B5B6-17548A7B0A13}.Debug|Any CPU.Build.0 = Debug|Any CPU
		{5F2A87A8-E38B-4926-B5B6-17548A7B0A13}.Release|Any CPU.ActiveCfg = Release|Any CPU
		{5F2A87A8-E38B-4926-B5B6-17548A7B0A13}.Release|Any CPU.Build.0 = Release|Any CPU
	EndGlobalSection
	GlobalSection(SolutionProperties) = preSolution
		HideSolutionNode = FALSE
	EndGlobalSection
	GlobalSection(ExtensibilityGlobals) = postSolution
		SolutionGuid = {899AF793-5454-4CA8-82E8-830D2B294FFE}
	EndGlobalSection
EndGlobal
